{
  "name": "agentwolf",
  "version": "0.1.2",
  "lockfileVersion": 3,
  "requires": true,
  "packages": {
    "": {
      "name": "agentwolf",
      "version": "0.1.2",
      "license": "MIT",
      "bin": {
        "agentwolf": "bin/agentwolf.mjs"
      },
      "engines": {
        "node": ">=20"
      }
    }
  }
}
