{
  "name": "vibe-engineering",
  "version": "0.1.1",
  "lockfileVersion": 3,
  "requires": true,
  "packages": {
    "": {
      "name": "vibe-engineering",
      "version": "0.1.1",
      "license": "MIT",
      "bin": {
        "vibe-engineering": "bin/vibe-engineering.mjs"
      },
      "engines": {
        "node": ">=20"
      }
    }
  }
}
