{
  "name": "ai-engineering-workflow",
  "version": "0.1.0",
  "lockfileVersion": 3,
  "requires": true,
  "packages": {
    "": {
      "name": "ai-engineering-workflow",
      "version": "0.1.0",
      "license": "MIT",
      "bin": {
        "ai-engineering": "bin/ai-engineering.mjs"
      },
      "engines": {
        "node": ">=20"
      }
    }
  }
}
